# THIS IS AN AUTOGENERATED FILE. DO NOT EDIT THIS FILE DIRECTLY.
# yarn lockfile v1


"@rails/actiontext@^6.0.6-1":
  version "6.1.710"
  resolved "https://registry.yarnpkg.com/@rails/actiontext/-/actiontext-6.1.710.tgz#484abaaacc22369bb1b422b58b37dadcec2b1fe5"
  integrity sha512-j1BhLadXPJ3g4cG/5xRKvdfofYeBdTK75MjBJSMHL3gCTpOqwvdPavDj7eZTnpzLo6/sfMAo0GbB1JK61JZYCg==
  dependencies:
    "@rails/activestorage" "^6.0.0"

"@rails/activestorage@^6.0.0":
  version "6.1.710"
  resolved "https://registry.yarnpkg.com/@rails/activestorage/-/activestorage-6.1.710.tgz#bc914716f642ba233f033b7765a44dc3bfb626f5"
  integrity sha512-hLXxAtn7hSWXkTzMGOmQmjuzJ0FzVw8j/Zi8DGS+DG9x4uPQjl+ZEVdty7pFcsBCjkpejtk0TChcBQlLW8sgOg==
  dependencies:
    spark-md5 "^3.0.0"

spark-md5@^3.0.0:
  version "3.0.2"
  resolved "https://registry.yarnpkg.com/spark-md5/-/spark-md5-3.0.2.tgz#7952c4a30784347abcee73268e473b9c0167e3fc"
  integrity sha512-wcFzz9cDfbuqe0FZzfi2or1sgyIrsDwmPwfZC4hiNidPdPINjeUwNfv5kldczoEAcjl9Y1L3SM7Uz2PUEQzxQw==

trix@^1.2.0:
  version "1.3.5"
  resolved "https://registry.yarnpkg.com/trix/-/trix-1.3.5.tgz#87c214ce75fbaacff127f6e70fc64b2ff41e3e7a"
  integrity sha512-JGQtfTU40DZYWS64rjUSbzAN6C+VFbyMLtdVzVTbI1mt3WJCP9+e3lju8Mtuivs9NwXOxowInNA4B34h7dVEZg==
